
Microsoft Visual Studio Solution File, Format Version 12.00
# Visual Studio Version 17
VisualStudioVersion = 17.3.32825.248
MinimumVisualStudioVersion = 10.0.40219.1
Project("{FAE04EC0-301F-11D3-BF4B-00C04F79EFBC}") = "Лаба №5.1 (многопоточность)", "Лаба №5.1 (многопоточность)\Лаба №5.1 (многопоточность).csproj", "{7451D6D0-2B9C-4073-8677-C2EDFCBDB7CD}"
EndProject
Global
	GlobalSection(SolutionConfigurationPlatforms) = preSolution
		Debug|Any CPU = Debug|Any CPU
		Release|Any CPU = Release|Any CPU
	EndGlobalSection
	GlobalSection(ProjectConfigurationPlatforms) = postSolution
		{7451D6D0-2B9C-4073-8677-C2EDFCBDB7CD}.Debug|Any CPU.ActiveCfg = Debug|Any CPU
		{7451D6D0-2B9C-4073-8677-C2EDFCBDB7CD}.Debug|Any CPU.Build.0 = Debug|Any CPU
		{7451D6D0-2B9C-4073-8677-C2EDFCBDB7CD}.Release|Any CPU.ActiveCfg = Release|Any CPU
		{7451D6D0-2B9C-4073-8677-C2EDFCBDB7CD}.Release|Any CPU.Build.0 = Release|Any CPU
	EndGlobalSection
	GlobalSection(SolutionProperties) = preSolution
		HideSolutionNode = FALSE
	EndGlobalSection
	GlobalSection(ExtensibilityGlobals) = postSolution
		SolutionGuid = {15AF03C8-B79C-4E06-893D-2FDAFFDE9E09}
	EndGlobalSection
EndGlobal
